
Microsoft Visual Studio Solution File, Format Version 12.00
# Visual Studio 15
VisualStudioVersion = 15.0.28307.902
MinimumVisualStudioVersion = 10.0.40219.1
Project("{FAE04EC0-301F-11D3-BF4B-00C04F79EFBC}") = "BTTH_Tuan3.Android", "BTTH_Tuan3\BTTH_Tuan3.Android\BTTH_Tuan3.Android.csproj", "{A7966CCB-48D6-459A-B665-586441E27914}"
EndProject
Project("{FAE04EC0-301F-11D3-BF4B-00C04F79EFBC}") = "BTTH_Tuan3.iOS", "BTTH_Tuan3\BTTH_Tuan3.iOS\BTTH_Tuan3.iOS.csproj", "{4B782EF4-9BD1-4431-B63E-FEE91CB00FF5}"
EndProject
Project("{FAE04EC0-301F-11D3-BF4B-00C04F79EFBC}") = "BTTH_Tuan3", "BTTH_Tuan3\BTTH_Tuan3\BTTH_Tuan3.csproj", "{EB0FEFCE-5102-488D-A431-23290A5C04CA}"
EndProject
Global
	GlobalSection(SolutionConfigurationPlatforms) = preSolution
		Ad-Hoc|Any CPU = Ad-Hoc|Any CPU
		Ad-Hoc|iPhone = Ad-Hoc|iPhone
		Ad-Hoc|iPhoneSimulator = Ad-Hoc|iPhoneSimulator
		AppStore|Any CPU = AppStore|Any CPU
		AppStore|iPhone = AppStore|iPhone
		AppStore|iPhoneSimulator = AppStore|iPhoneSimulator
		Debug|Any CPU = Debug|Any CPU
		Debug|iPhone = Debug|iPhone
		Debug|iPhoneSimulator = Debug|iPhoneSimulator
		Release|Any CPU = Release|Any CPU
		Release|iPhone = Release|iPhone
		Release|iPhoneSimulator = Release|iPhoneSimulator
	EndGlobalSection
	GlobalSection(ProjectConfigurationPlatforms) = postSolution
		{A7966CCB-48D6-459A-B665-586441E27914}.Ad-Hoc|Any CPU.ActiveCfg = Release|Any CPU
		{A7966CCB-48D6-459A-B665-586441E27914}.Ad-Hoc|Any CPU.Build.0 = Release|Any CPU
		{A7966CCB-48D6-459A-B665-586441E27914}.Ad-Hoc|Any CPU.Deploy.0 = Release|Any CPU
		{A7966CCB-48D6-459A-B665-586441E27914}.Ad-Hoc|iPhone.ActiveCfg = Release|Any CPU
		{A7966CCB-48D6-459A-B665-586441E27914}.Ad-Hoc|iPhone.Build.0 = Release|Any CPU
		{A7966CCB-48D6-459A-B665-586441E27914}.Ad-Hoc|iPhone.Deploy.0 = Release|Any CPU
		{A7966CCB-48D6-459A-B665-586441E27914}.Ad-Hoc|iPhoneSimulator.ActiveCfg = Release|Any CPU
		{A7966CCB-48D6-459A-B665-586441E27914}.Ad-Hoc|iPhoneSimulator.Build.0 = Release|Any CPU
		{A7966CCB-48D6-459A-B665-586441E27914}.Ad-Hoc|iPhoneSimulator.Deploy.0 = Release|Any CPU
		{A7966CCB-48D6-459A-B665-586441E27914}.AppStore|Any CPU.ActiveCfg = Release|Any CPU
		{A7966CCB-48D6-459A-B665-586441E27914}.AppStore|Any CPU.Build.0 = Release|Any CPU
		{A7966CCB-48D6-459A-B665-586441E27914}.AppStore|Any CPU.Deploy.0 = Release|Any CPU
		{A7966CCB-48D6-459A-B665-586441E27914}.AppStore|iPhone.ActiveCfg = Release|Any CPU
		{A7966CCB-48D6-459A-B665-586441E27914}.AppStore|iPhone.Build.0 = Release|Any CPU
		{A7966CCB-48D6-459A-B665-586441E27914}.AppStore|iPhone.Deploy.0 = Release|Any CPU
		{A7966CCB-48D6-459A-B665-586441E27914}.AppStore|iPhoneSimulator.ActiveCfg = Release|Any CPU
		{A7966CCB-48D6-459A-B665-586441E27914}.AppStore|iPhoneSimulator.Build.0 = Release|Any CPU
		{A7966CCB-48D6-459A-B665-586441E27914}.AppStore|iPhoneSimulator.Deploy.0 = Release|Any CPU
		{A7966CCB-48D6-459A-B665-586441E27914}.Debug|Any CPU.ActiveCfg = Debug|Any CPU
		{A7966CCB-48D6-459A-B665-586441E27914}.Debug|Any CPU.Build.0 = Debug|Any CPU
		{A7966CCB-48D6-459A-B665-586441E27914}.Debug|Any CPU.Deploy.0 = Debug|Any CPU
		{A7966CCB-48D6-459A-B665-586441E27914}.Debug|iPhone.ActiveCfg = Debug|Any CPU
		{A7966CCB-48D6-459A-B665-586441E27914}.Debug|iPhone.Build.0 = Debug|Any CPU
		{A7966CCB-48D6-459A-B665-586441E27914}.Debug|iPhone.Deploy.0 = Debug|Any CPU
		{A7966CCB-48D6-459A-B665-586441E27914}.Debug|iPhoneSimulator.ActiveCfg = Debug|Any CPU
		{A7966CCB-48D6-459A-B665-586441E27914}.Debug|iPhoneSimulator.Build.0 = Debug|Any CPU
		{A7966CCB-48D6-459A-B665-586441E27914}.Debug|iPhoneSimulator.Deploy.0 = Debug|Any CPU
		{A7966CCB-48D6-459A-B665-586441E27914}.Release|Any CPU.ActiveCfg = Release|Any CPU
		{A7966CCB-48D6-459A-B665-586441E27914}.Release|Any CPU.Build.0 = Release|Any CPU
		{A7966CCB-48D6-459A-B665-586441E27914}.Release|Any CPU.Deploy.0 = Release|Any CPU
		{A7966CCB-48D6-459A-B665-586441E27914}.Release|iPhone.ActiveCfg = Release|Any CPU
		{A7966CCB-48D6-459A-B665-586441E27914}.Release|iPhone.Build.0 = Release|Any CPU
		{A7966CCB-48D6-459A-B665-586441E27914}.Release|iPhone.Deploy.0 = Release|Any CPU
		{A7966CCB-48D6-459A-B665-586441E27914}.Release|iPhoneSimulator.ActiveCfg = Release|Any CPU
		{A7966CCB-48D6-459A-B665-586441E27914}.Release|iPhoneSimulator.Build.0 = Release|Any CPU
		{A7966CCB-48D6-459A-B665-586441E27914}.Release|iPhoneSimulator.Deploy.0 = Release|Any CPU
		{4B782EF4-9BD1-4431-B63E-FEE91CB00FF5}.Ad-Hoc|Any CPU.ActiveCfg = Ad-Hoc|iPhone
		{4B782EF4-9BD1-4431-B63E-FEE91CB00FF5}.Ad-Hoc|Any CPU.Build.0 = Ad-Hoc|iPhone
		{4B782EF4-9BD1-4431-B63E-FEE91CB00FF5}.Ad-Hoc|Any CPU.Deploy.0 = Ad-Hoc|iPhone
		{4B782EF4-9BD1-4431-B63E-FEE91CB00FF5}.Ad-Hoc|iPhone.ActiveCfg = Ad-Hoc|iPhone
		{4B782EF4-9BD1-4431-B63E-FEE91CB00FF5}.Ad-Hoc|iPhone.Build.0 = Ad-Hoc|iPhone
		{4B782EF4-9BD1-4431-B63E-FEE91CB00FF5}.Ad-Hoc|iPhone.Deploy.0 = Ad-Hoc|iPhone
		{4B782EF4-9BD1-4431-B63E-FEE91CB00FF5}.Ad-Hoc|iPhoneSimulator.ActiveCfg = Ad-Hoc|iPhoneSimulator
		{4B782EF4-9BD1-4431-B63E-FEE91CB00FF5}.Ad-Hoc|iPhoneSimulator.Build.0 = Ad-Hoc|iPhoneSimulator
		{4B782EF4-9BD1-4431-B63E-FEE91CB00FF5}.Ad-Hoc|iPhoneSimulator.Deploy.0 = Ad-Hoc|iPhoneSimulator
		{4B782EF4-9BD1-4431-B63E-FEE91CB00FF5}.AppStore|Any CPU.ActiveCfg = AppStore|iPhone
		{4B782EF4-9BD1-4431-B63E-FEE91CB00FF5}.AppStore|Any CPU.Build.0 = AppStore|iPhone
		{4B782EF4-9BD1-4431-B63E-FEE91CB00FF5}.AppStore|Any CPU.Deploy.0 = AppStore|iPhone
		{4B782EF4-9BD1-4431-B63E-FEE91CB00FF5}.AppStore|iPhone.ActiveCfg = AppStore|iPhone
		{4B782EF4-9BD1-4431-B63E-FEE91CB00FF5}.AppStore|iPhone.Build.0 = AppStore|iPhone
		{4B782EF4-9BD1-4431-B63E-FEE91CB00FF5}.AppStore|iPhone.Deploy.0 = AppStore|iPhone
		{4B782EF4-9BD1-4431-B63E-FEE91CB00FF5}.AppStore|iPhoneSimulator.ActiveCfg = AppStore|iPhoneSimulator
		{4B782EF4-9BD1-4431-B63E-FEE91CB00FF5}.AppStore|iPhoneSimulator.Build.0 = AppStore|iPhoneSimulator
		{4B782EF4-9BD1-4431-B63E-FEE91CB00FF5}.AppStore|iPhoneSimulator.Deploy.0 = AppStore|iPhoneSimulator
		{4B782EF4-9BD1-4431-B63E-FEE91CB00FF5}.Debug|Any CPU.ActiveCfg = Debug|iPhoneSimulator
		{4B782EF4-9BD1-4431-B63E-FEE91CB00FF5}.Debug|Any CPU.Build.0 = Debug|iPhoneSimulator
		{4B782EF4-9BD1-4431-B63E-FEE91CB00FF5}.Debug|Any CPU.Deploy.0 = Debug|iPhoneSimulator
		{4B782EF4-9BD1-4431-B63E-FEE91CB00FF5}.Debug|iPhone.ActiveCfg = Debug|iPhone
		{4B782EF4-9BD1-4431-B63E-FEE91CB00FF5}.Debug|iPhone.Build.0 = Debug|iPhone
		{4B782EF4-9BD1-4431-B63E-FEE91CB00FF5}.Debug|iPhone.Deploy.0 = Debug|iPhone
		{4B782EF4-9BD1-4431-B63E-FEE91CB00FF5}.Debug|iPhoneSimulator.ActiveCfg = Debug|iPhoneSimulator
		{4B782EF4-9BD1-4431-B63E-FEE91CB00FF5}.Debug|iPhoneSimulator.Build.0 = Debug|iPhoneSimulator
		{4B782EF4-9BD1-4431-B63E-FEE91CB00FF5}.Debug|iPhoneSimulator.Deploy.0 = Debug|iPhoneSimulator
		{4B782EF4-9BD1-4431-B63E-FEE91CB00FF5}.Release|Any CPU.ActiveCfg = Release|iPhone
		{4B782EF4-9BD1-4431-B63E-FEE91CB00FF5}.Release|Any CPU.Build.0 = Release|iPhone
		{4B782EF4-9BD1-4431-B63E-FEE91CB00FF5}.Release|Any CPU.Deploy.0 = Release|iPhone
		{4B782EF4-9BD1-4431-B63E-FEE91CB00FF5}.Release|iPhone.ActiveCfg = Release|iPhone
		{4B782EF4-9BD1-4431-B63E-FEE91CB00FF5}.Release|iPhone.Build.0 = Release|iPhone
		{4B782EF4-9BD1-4431-B63E-FEE91CB00FF5}.Release|iPhone.Deploy.0 = Release|iPhone
		{4B782EF4-9BD1-4431-B63E-FEE91CB00FF5}.Release|iPhoneSimulator.ActiveCfg = Release|iPhoneSimulator
		{4B782EF4-9BD1-4431-B63E-FEE91CB00FF5}.Release|iPhoneSimulator.Build.0 = Release|iPhoneSimulator
		{4B782EF4-9BD1-4431-B63E-FEE91CB00FF5}.Release|iPhoneSimulator.Deploy.0 = Release|iPhoneSimulator
		{EB0FEFCE-5102-488D-A431-23290A5C04CA}.Ad-Hoc|Any CPU.ActiveCfg = Debug|Any CPU
		{EB0FEFCE-5102-488D-A431-23290A5C04CA}.Ad-Hoc|Any CPU.Build.0 = Debug|Any CPU
		{EB0FEFCE-5102-488D-A431-23290A5C04CA}.Ad-Hoc|Any CPU.Deploy.0 = Debug|Any CPU
		{EB0FEFCE-5102-488D-A431-23290A5C04CA}.Ad-Hoc|iPhone.ActiveCfg = Debug|Any CPU
		{EB0FEFCE-5102-488D-A431-23290A5C04CA}.Ad-Hoc|iPhone.Build.0 = Debug|Any CPU
		{EB0FEFCE-5102-488D-A431-23290A5C04CA}.Ad-Hoc|iPhone.Deploy.0 = Debug|Any CPU
		{EB0FEFCE-5102-488D-A431-23290A5C04CA}.Ad-Hoc|iPhoneSimulator.ActiveCfg = Debug|Any CPU
		{EB0FEFCE-5102-488D-A431-23290A5C04CA}.Ad-Hoc|iPhoneSimulator.Build.0 = Debug|Any CPU
		{EB0FEFCE-5102-488D-A431-23290A5C04CA}.Ad-Hoc|iPhoneSimulator.Deploy.0 = Debug|Any CPU
		{EB0FEFCE-5102-488D-A431-23290A5C04CA}.AppStore|Any CPU.ActiveCfg = Debug|Any CPU
		{EB0FEFCE-5102-488D-A431-23290A5C04CA}.AppStore|Any CPU.Build.0 = Debug|Any CPU
		{EB0FEFCE-5102-488D-A431-23290A5C04CA}.AppStore|Any CPU.Deploy.0 = Debug|Any CPU
		{EB0FEFCE-5102-488D-A431-23290A5C04CA}.AppStore|iPhone.ActiveCfg = Debug|Any CPU
		{EB0FEFCE-5102-488D-A431-23290A5C04CA}.AppStore|iPhone.Build.0 = Debug|Any CPU
		{EB0FEFCE-5102-488D-A431-23290A5C04CA}.AppStore|iPhone.Deploy.0 = Debug|Any CPU
		{EB0FEFCE-5102-488D-A431-23290A5C04CA}.AppStore|iPhoneSimulator.ActiveCfg = Debug|Any CPU
		{EB0FEFCE-5102-488D-A431-23290A5C04CA}.AppStore|iPhoneSimulator.Build.0 = Debug|Any CPU
		{EB0FEFCE-5102-488D-A431-23290A5C04CA}.AppStore|iPhoneSimulator.Deploy.0 = Debug|Any CPU
		{EB0FEFCE-5102-488D-A431-23290A5C04CA}.Debug|Any CPU.ActiveCfg = Debug|Any CPU
		{EB0FEFCE-5102-488D-A431-23290A5C04CA}.Debug|Any CPU.Build.0 = Debug|Any CPU
		{EB0FEFCE-5102-488D-A431-23290A5C04CA}.Debug|Any CPU.Deploy.0 = Debug|Any CPU
		{EB0FEFCE-5102-488D-A431-23290A5C04CA}.Debug|iPhone.ActiveCfg = Debug|Any CPU
		{EB0FEFCE-5102-488D-A431-23290A5C04CA}.Debug|iPhone.Build.0 = Debug|Any CPU
		{EB0FEFCE-5102-488D-A431-23290A5C04CA}.Debug|iPhone.Deploy.0 = Debug|Any CPU
		{EB0FEFCE-5102-488D-A431-23290A5C04CA}.Debug|iPhoneSimulator.ActiveCfg = Debug|Any CPU
		{EB0FEFCE-5102-488D-A431-23290A5C04CA}.Debug|iPhoneSimulator.Build.0 = Debug|Any CPU
		{EB0FEFCE-5102-488D-A431-23290A5C04CA}.Debug|iPhoneSimulator.Deploy.0 = Debug|Any CPU
		{EB0FEFCE-5102-488D-A431-23290A5C04CA}.Release|Any CPU.ActiveCfg = Release|Any CPU
		{EB0FEFCE-5102-488D-A431-23290A5C04CA}.Release|Any CPU.Build.0 = Release|Any CPU
		{EB0FEFCE-5102-488D-A431-23290A5C04CA}.Release|Any CPU.Deploy.0 = Release|Any CPU
		{EB0FEFCE-5102-488D-A431-23290A5C04CA}.Release|iPhone.ActiveCfg = Release|Any CPU
		{EB0FEFCE-5102-488D-A431-23290A5C04CA}.Release|iPhone.Build.0 = Release|Any CPU
		{EB0FEFCE-5102-488D-A431-23290A5C04CA}.Release|iPhone.Deploy.0 = Release|Any CPU
		{EB0FEFCE-5102-488D-A431-23290A5C04CA}.Release|iPhoneSimulator.ActiveCfg = Release|Any CPU
		{EB0FEFCE-5102-488D-A431-23290A5C04CA}.Release|iPhoneSimulator.Build.0 = Release|Any CPU
		{EB0FEFCE-5102-488D-A431-23290A5C04CA}.Release|iPhoneSimulator.Deploy.0 = Release|Any CPU
	EndGlobalSection
	GlobalSection(SolutionProperties) = preSolution
		HideSolutionNode = FALSE
	EndGlobalSection
	GlobalSection(ExtensibilityGlobals) = postSolution
		SolutionGuid = {4FFE022A-1E92-420D-8A68-004E758FB13B}
	EndGlobalSection
EndGlobal
